
Microsoft Visual Studio Solution File, Format Version 12.00
# Visual Studio Version 16
VisualStudioVersion = 16.0.31402.337
MinimumVisualStudioVersion = 10.0.40219.1
Project("{8BC9CEB8-8B4A-11D0-8D11-00A0C91BC942}") = "project_2", "project_2.vcxproj", "{97A473EC-2452-49CA-BCEE-1A660B6C420F}"
EndProject
Global
	GlobalSection(SolutionConfigurationPlatforms) = preSolution
		Debug|x64 = Debug|x64
		Debug|x86 = Debug|x86
		Release|x64 = Release|x64
		Release|x86 = Release|x86
	EndGlobalSection
	GlobalSection(ProjectConfigurationPlatforms) = postSolution
		{97A473EC-2452-49CA-BCEE-1A660B6C420F}.Debug|x64.ActiveCfg = Debug|x64
		{97A473EC-2452-49CA-BCEE-1A660B6C420F}.Debug|x64.Build.0 = Debug|x64
		{97A473EC-2452-49CA-BCEE-1A660B6C420F}.Debug|x86.ActiveCfg = Debug|Win32
		{97A473EC-2452-49CA-BCEE-1A660B6C420F}.Debug|x86.Build.0 = Debug|Win32
		{97A473EC-2452-49CA-BCEE-1A660B6C420F}.Release|x64.ActiveCfg = Release|x64
		{97A473EC-2452-49CA-BCEE-1A660B6C420F}.Release|x64.Build.0 = Release|x64
		{97A473EC-2452-49CA-BCEE-1A660B6C420F}.Release|x86.ActiveCfg = Release|Win32
		{97A473EC-2452-49CA-BCEE-1A660B6C420F}.Release|x86.Build.0 = Release|Win32
	EndGlobalSection
	GlobalSection(SolutionProperties) = preSolution
		HideSolutionNode = FALSE
	EndGlobalSection
	GlobalSection(ExtensibilityGlobals) = postSolution
		SolutionGuid = {5F9B9D31-9B22-4B31-B398-1305EFE6112A}
	EndGlobalSection
EndGlobal
